
Microsoft Visual Studio Solution File, Format Version 12.00
# Visual Studio Version 17
VisualStudioVersion = 17.1.32421.90
MinimumVisualStudioVersion = 10.0.40219.1
Project("{9A19103F-16F7-4668-BE54-9A1E7A4F7556}") = "Tuples", "OtusHomeWork_6\Tuples.csproj", "{272D802B-39DA-4B4B-92F7-2AC08430EFDE}"
EndProject
Project("{FAE04EC0-301F-11D3-BF4B-00C04F79EFBC}") = "AnonTypes", "AnonTypes\AnonTypes.csproj", "{354FF325-D0D3-4C84-A653-B9C8B8EEB604}"
EndProject
Project("{FAE04EC0-301F-11D3-BF4B-00C04F79EFBC}") = "Lambda", "Lambda\Lambda.csproj", "{0222EE26-D27E-4C60-A4BF-D115BB89D95E}"
EndProject
Global
	GlobalSection(SolutionConfigurationPlatforms) = preSolution
		Debug|Any CPU = Debug|Any CPU
		Release|Any CPU = Release|Any CPU
	EndGlobalSection
	GlobalSection(ProjectConfigurationPlatforms) = postSolution
		{272D802B-39DA-4B4B-92F7-2AC08430EFDE}.Debug|Any CPU.ActiveCfg = Debug|Any CPU
		{272D802B-39DA-4B4B-92F7-2AC08430EFDE}.Debug|Any CPU.Build.0 = Debug|Any CPU
		{272D802B-39DA-4B4B-92F7-2AC08430EFDE}.Release|Any CPU.ActiveCfg = Release|Any CPU
		{272D802B-39DA-4B4B-92F7-2AC08430EFDE}.Release|Any CPU.Build.0 = Release|Any CPU
		{354FF325-D0D3-4C84-A653-B9C8B8EEB604}.Debug|Any CPU.ActiveCfg = Debug|Any CPU
		{354FF325-D0D3-4C84-A653-B9C8B8EEB604}.Debug|Any CPU.Build.0 = Debug|Any CPU
		{354FF325-D0D3-4C84-A653-B9C8B8EEB604}.Release|Any CPU.ActiveCfg = Release|Any CPU
		{354FF325-D0D3-4C84-A653-B9C8B8EEB604}.Release|Any CPU.Build.0 = Release|Any CPU
		{0222EE26-D27E-4C60-A4BF-D115BB89D95E}.Debug|Any CPU.ActiveCfg = Debug|Any CPU
		{0222EE26-D27E-4C60-A4BF-D115BB89D95E}.Debug|Any CPU.Build.0 = Debug|Any CPU
		{0222EE26-D27E-4C60-A4BF-D115BB89D95E}.Release|Any CPU.ActiveCfg = Release|Any CPU
		{0222EE26-D27E-4C60-A4BF-D115BB89D95E}.Release|Any CPU.Build.0 = Release|Any CPU
	EndGlobalSection
	GlobalSection(SolutionProperties) = preSolution
		HideSolutionNode = FALSE
	EndGlobalSection
	GlobalSection(ExtensibilityGlobals) = postSolution
		SolutionGuid = {9637455F-EDED-4FCD-AC28-80C01434CBD8}
	EndGlobalSection
EndGlobal
